<?xml version="1.0" encoding="utf-8"?>
<Project ToolsVersion="4.0" xmlns="http://schemas.microsoft.com/developer/msbuild/2003">
  <ItemGroup>
    <ClCompile Include="Source\Dll.cpp" />
    <ClCompile Include="Source\GameStateHandler.cpp">
      <Filter>GameState</Filter>
    </ClCompile>
    <ClCompile Include="Source\WriteToFileHandler.cpp">
      <Filter>WriteToFiles</Filter>
    </ClCompile>
    <ClCompile Include="Source\ReplayParserModule.cpp" />
  </ItemGroup>
  <ItemGroup>
    <ClInclude Include="Source\ConfigPseudoBot.h" />
    <ClInclude Include="Source\GameStateHandler.h">
      <Filter>GameState</Filter>
    </ClInclude>
    <ClInclude Include="Source\WriteToFileHandler.h">
      <Filter>WriteToFiles</Filter>
    </ClInclude>
    <ClInclude Include="Source\ReplayParserModule.h" />
  </ItemGroup>
  <ItemGroup>
    <Filter Include="GameState">
      <UniqueIdentifier>{ee887781-466d-4345-845e-1943d9846917}</UniqueIdentifier>
    </Filter>
    <Filter Include="WriteToFiles">
      <UniqueIdentifier>{480cb174-6ad0-4e27-82df-d5c73e9e64b1}</UniqueIdentifier>
    </Filter>
  </ItemGroup>
  <ItemGroup>
    <None Include="ClassDiagram.cd" />
  </ItemGroup>
</Project>